
Microsoft Visual Studio Solution File, Format Version 12.00
# Visual Studio Version 17
VisualStudioVersion = 17.5.33627.172
MinimumVisualStudioVersion = 10.0.40219.1
Project("{9A19103F-16F7-4668-BE54-9A1E7A4F7556}") = "ECommerce", "ECommerce.Common\ECommerce.csproj", "{8D924A5D-819B-43D5-AD69-BAA3E840CEF6}"
EndProject
Project("{9A19103F-16F7-4668-BE54-9A1E7A4F7556}") = "ECommerce.IdentityAPI.BL", "ECommerce.IdentityAPI.BL\ECommerce.IdentityAPI.BL.csproj", "{52A3053F-D6A4-47C7-84AB-19204376ECCC}"
EndProject
Project("{2150E333-8FDC-42A3-9474-1A3956D46DE8}") = "IdentityAPI", "IdentityAPI", "{2C339F61-94B4-4808-B3F2-3161A04263D0}"
EndProject
Project("{9A19103F-16F7-4668-BE54-9A1E7A4F7556}") = "ECommerce.IdentityAPI.BL.Testing", "ECommerce.IdentityAPI.BL.Testing\ECommerce.IdentityAPI.BL.Testing.csproj", "{EF4359AE-4C15-4B9A-BB07-F6B3D0A0463D}"
EndProject
Project("{9A19103F-16F7-4668-BE54-9A1E7A4F7556}") = "ECommerce.IdentityAPI.DAL", "ECommerce.IdentityAPI.DAL\ECommerce.IdentityAPI.DAL.csproj", "{1B216502-617B-4CFA-BFA6-E4C3FB8A5EF7}"
EndProject
Project("{9A19103F-16F7-4668-BE54-9A1E7A4F7556}") = "ECommerce.CatalogueAPI.DAL", "ECommerce.CatalogueAPI.DAL\ECommerce.CatalogueAPI.DAL.csproj", "{C9E058D6-2D59-4E37-B5F6-898B5ECCB449}"
EndProject
Project("{FAE04EC0-301F-11D3-BF4B-00C04F79EFBC}") = "ECommerce.IdentityAPI.Common", "ECommerce.IdentityAPI.Common\ECommerce.IdentityAPI.Common.csproj", "{D4CE60B8-DE11-41BD-8A06-D5C399551F8F}"
EndProject
Project("{FAE04EC0-301F-11D3-BF4B-00C04F79EFBC}") = "ECommerce.CatalogueAPI.Common", "ECommerce.CatalogueAPI.Common\ECommerce.CatalogueAPI.Common.csproj", "{BC823628-218C-44C7-AD1C-440193056B90}"
EndProject
Project("{2150E333-8FDC-42A3-9474-1A3956D46DE8}") = "CatalogueAPI", "CatalogueAPI", "{6193A402-B5C1-47A1-9401-5E6BE6CEA4D7}"
EndProject
Project("{FAE04EC0-301F-11D3-BF4B-00C04F79EFBC}") = "ECommerce.CatalogueAPI.BL", "ECommerce.CatalogueAPI.BL\ECommerce.CatalogueAPI.BL.csproj", "{E896B52A-07D2-43A3-BE88-CC9901454FC7}"
EndProject
Project("{FAE04EC0-301F-11D3-BF4B-00C04F79EFBC}") = "TestCatalogueAPI", "TestCatalogueAPI\TestCatalogueAPI.csproj", "{0697E505-9879-4A7B-97B2-4EC55D513641}"
EndProject
Global
	GlobalSection(SolutionConfigurationPlatforms) = preSolution
		Debug|Any CPU = Debug|Any CPU
		Release|Any CPU = Release|Any CPU
	EndGlobalSection
	GlobalSection(ProjectConfigurationPlatforms) = postSolution
		{8D924A5D-819B-43D5-AD69-BAA3E840CEF6}.Debug|Any CPU.ActiveCfg = Debug|Any CPU
		{8D924A5D-819B-43D5-AD69-BAA3E840CEF6}.Debug|Any CPU.Build.0 = Debug|Any CPU
		{8D924A5D-819B-43D5-AD69-BAA3E840CEF6}.Release|Any CPU.ActiveCfg = Release|Any CPU
		{8D924A5D-819B-43D5-AD69-BAA3E840CEF6}.Release|Any CPU.Build.0 = Release|Any CPU
		{52A3053F-D6A4-47C7-84AB-19204376ECCC}.Debug|Any CPU.ActiveCfg = Debug|Any CPU
		{52A3053F-D6A4-47C7-84AB-19204376ECCC}.Debug|Any CPU.Build.0 = Debug|Any CPU
		{52A3053F-D6A4-47C7-84AB-19204376ECCC}.Release|Any CPU.ActiveCfg = Release|Any CPU
		{52A3053F-D6A4-47C7-84AB-19204376ECCC}.Release|Any CPU.Build.0 = Release|Any CPU
		{EF4359AE-4C15-4B9A-BB07-F6B3D0A0463D}.Debug|Any CPU.ActiveCfg = Debug|Any CPU
		{EF4359AE-4C15-4B9A-BB07-F6B3D0A0463D}.Debug|Any CPU.Build.0 = Debug|Any CPU
		{EF4359AE-4C15-4B9A-BB07-F6B3D0A0463D}.Release|Any CPU.ActiveCfg = Release|Any CPU
		{EF4359AE-4C15-4B9A-BB07-F6B3D0A0463D}.Release|Any CPU.Build.0 = Release|Any CPU
		{1B216502-617B-4CFA-BFA6-E4C3FB8A5EF7}.Debug|Any CPU.ActiveCfg = Debug|Any CPU
		{1B216502-617B-4CFA-BFA6-E4C3FB8A5EF7}.Debug|Any CPU.Build.0 = Debug|Any CPU
		{1B216502-617B-4CFA-BFA6-E4C3FB8A5EF7}.Release|Any CPU.ActiveCfg = Release|Any CPU
		{1B216502-617B-4CFA-BFA6-E4C3FB8A5EF7}.Release|Any CPU.Build.0 = Release|Any CPU
		{C9E058D6-2D59-4E37-B5F6-898B5ECCB449}.Debug|Any CPU.ActiveCfg = Debug|Any CPU
		{C9E058D6-2D59-4E37-B5F6-898B5ECCB449}.Debug|Any CPU.Build.0 = Debug|Any CPU
		{C9E058D6-2D59-4E37-B5F6-898B5ECCB449}.Release|Any CPU.ActiveCfg = Release|Any CPU
		{C9E058D6-2D59-4E37-B5F6-898B5ECCB449}.Release|Any CPU.Build.0 = Release|Any CPU
		{D4CE60B8-DE11-41BD-8A06-D5C399551F8F}.Debug|Any CPU.ActiveCfg = Debug|Any CPU
		{D4CE60B8-DE11-41BD-8A06-D5C399551F8F}.Debug|Any CPU.Build.0 = Debug|Any CPU
		{D4CE60B8-DE11-41BD-8A06-D5C399551F8F}.Release|Any CPU.ActiveCfg = Release|Any CPU
		{D4CE60B8-DE11-41BD-8A06-D5C399551F8F}.Release|Any CPU.Build.0 = Release|Any CPU
		{BC823628-218C-44C7-AD1C-440193056B90}.Debug|Any CPU.ActiveCfg = Debug|Any CPU
		{BC823628-218C-44C7-AD1C-440193056B90}.Debug|Any CPU.Build.0 = Debug|Any CPU
		{BC823628-218C-44C7-AD1C-440193056B90}.Release|Any CPU.ActiveCfg = Release|Any CPU
		{BC823628-218C-44C7-AD1C-440193056B90}.Release|Any CPU.Build.0 = Release|Any CPU
		{E896B52A-07D2-43A3-BE88-CC9901454FC7}.Debug|Any CPU.ActiveCfg = Debug|Any CPU
		{E896B52A-07D2-43A3-BE88-CC9901454FC7}.Debug|Any CPU.Build.0 = Debug|Any CPU
		{E896B52A-07D2-43A3-BE88-CC9901454FC7}.Release|Any CPU.ActiveCfg = Release|Any CPU
		{E896B52A-07D2-43A3-BE88-CC9901454FC7}.Release|Any CPU.Build.0 = Release|Any CPU
		{0697E505-9879-4A7B-97B2-4EC55D513641}.Debug|Any CPU.ActiveCfg = Debug|Any CPU
		{0697E505-9879-4A7B-97B2-4EC55D513641}.Debug|Any CPU.Build.0 = Debug|Any CPU
		{0697E505-9879-4A7B-97B2-4EC55D513641}.Release|Any CPU.ActiveCfg = Release|Any CPU
		{0697E505-9879-4A7B-97B2-4EC55D513641}.Release|Any CPU.Build.0 = Release|Any CPU
	EndGlobalSection
	GlobalSection(SolutionProperties) = preSolution
		HideSolutionNode = FALSE
	EndGlobalSection
	GlobalSection(NestedProjects) = preSolution
		{52A3053F-D6A4-47C7-84AB-19204376ECCC} = {2C339F61-94B4-4808-B3F2-3161A04263D0}
		{EF4359AE-4C15-4B9A-BB07-F6B3D0A0463D} = {2C339F61-94B4-4808-B3F2-3161A04263D0}
		{1B216502-617B-4CFA-BFA6-E4C3FB8A5EF7} = {2C339F61-94B4-4808-B3F2-3161A04263D0}
		{C9E058D6-2D59-4E37-B5F6-898B5ECCB449} = {6193A402-B5C1-47A1-9401-5E6BE6CEA4D7}
		{D4CE60B8-DE11-41BD-8A06-D5C399551F8F} = {2C339F61-94B4-4808-B3F2-3161A04263D0}
		{BC823628-218C-44C7-AD1C-440193056B90} = {6193A402-B5C1-47A1-9401-5E6BE6CEA4D7}
		{E896B52A-07D2-43A3-BE88-CC9901454FC7} = {6193A402-B5C1-47A1-9401-5E6BE6CEA4D7}
		{0697E505-9879-4A7B-97B2-4EC55D513641} = {6193A402-B5C1-47A1-9401-5E6BE6CEA4D7}
	EndGlobalSection
	GlobalSection(ExtensibilityGlobals) = postSolution
		SolutionGuid = {904AD792-9241-45EE-9460-9D222B1C6ED7}
	EndGlobalSection
EndGlobal
